{
  "name": "renderer",
  "version": "1.0.0",
  "lockfileVersion": 3,
  "requires": true,
  "packages": {
    "": {
      "name": "renderer",
      "version": "1.0.0",
      "dependencies": {
        "@types/omggif": "^1.0.5",
        "omggif": "^1.0.10"
      }
    },
    "node_modules/@types/omggif": {
      "version": "1.0.5",
      "resolved": "https://registry.npmjs.org/@types/omggif/-/omggif-1.0.5.tgz",
      "integrity": "sha512-gDQJflz1rOgEcUXkMAl80bDGN46f5mp8GbcM5dyvq+zsFV6YRBRtmNxlJJ5mjY77T7BRkRFzdIBVmK90QYhCxA=="
    },
    "node_modules/omggif": {
      "version": "1.0.10",
      "resolved": "https://registry.npmjs.org/omggif/-/omggif-1.0.10.tgz",
      "integrity": "sha512-LMJTtvgc/nugXj0Vcrrs68Mn2D1r0zf630VNtqtpI1FEO7e+O9FP4gqs9AcnBaSEeoHIPm28u6qgPR0oyEpGSw=="
    }
  }
}
